// !$*UTF8*$!
{
	archiveVersion = 1;
	classes = {
	};
	objectVersion = 50;
	objects = {

/* Begin PBXBuildFile section */
		6AB2C1D1217BB6C500B4C15D /* AppDelegate.swift in Sources */ = {isa = PBXBuildFile; fileRef = 6AB2C1D0217BB6C500B4C15D /* AppDelegate.swift */; };
		6AB2C1D3217BB6C500B4C15D /* ViewController.swift in Sources */ = {isa = PBXBuildFile; fileRef = 6AB2C1D2217BB6C500B4C15D /* ViewController.swift */; };
		6AB2C1D6217BB6C500B4C15D /* Main.storyboard in Resources */ = {isa = PBXBuildFile; fileRef = 6AB2C1D4217BB6C500B4C15D /* Main.storyboard */; };
		6AB2C1D8217BB6C600B4C15D /* Assets.xcassets in Resources */ = {isa = PBXBuildFile; fileRef = 6AB2C1D7217BB6C600B4C15D /* Assets.xcassets */; };
		6AB2C1DB217BB6C600B4C15D /* LaunchScreen.storyboard in Resources */ = {isa = PBXBuildFile; fileRef = 6AB2C1D9217BB6C600B4C15D /* LaunchScreen.storyboard */; };
		6AB2C1E6217BB6C600B4C15D /* CanvasAppTests.swift in Sources */ = {isa = PBXBuildFile; fileRef = 6AB2C1E5217BB6C600B4C15D /* CanvasAppTests.swift */; };
		6AB2C1F1217BB6C700B4C15D /* CanvasAppUITests.swift in Sources */ = {isa = PBXBuildFile; fileRef = 6AB2C1F0217BB6C700B4C15D /* CanvasAppUITests.swift */; };
		6AB2C1FF217BB70300B4C15D /* CanvasViewController.swift in Sources */ = {isa = PBXBuildFile; fileRef = 6AB2C1FE217BB70300B4C15D /* CanvasViewController.swift */; };
/* End PBXBuildFile section */

/* Begin PBXContainerItemProxy section */
		6AB2C1E2217BB6C600B4C15D /* PBXContainerItemProxy */ = {
			isa = PBXContainerItemProxy;
			containerPortal = 6AB2C1C5217BB6C500B4C15D /* Project object */;
			proxyType = 1;
			remoteGlobalIDString = 6AB2C1CC217BB6C500B4C15D;
			remoteInfo = CanvasApp;
		};
		6AB2C1ED217BB6C700B4C15D /* PBXContainerItemProxy */ = {
			isa = PBXContainerItemProxy;
			containerPortal = 6AB2C1C5217BB6C500B4C15D /* Project object */;
			proxyType = 1;
			remoteGlobalIDString = 6AB2C1CC217BB6C500B4C15D;
			remoteInfo = CanvasApp;
		};
/* End PBXContainerItemProxy section */

/* Begin PBXFileReference section */
		6AB2C1CD217BB6C500B4C15D /* CanvasApp.app */ = {isa = PBXFileReference; explicitFileType = wrapper.application; includeInIndex = 0; path = CanvasApp.app; sourceTree = BUILT_PRODUCTS_DIR; };
		6AB2C1D0217BB6C500B4C15D /* AppDelegate.swift */ = {isa = PBXFileReference; lastKnownFileType = sourcecode.swift; path = AppDelegate.swift; sourceTree = "<group>"; };
		6AB2C1D2217BB6C500B4C15D /* ViewController.swift */ = {isa = PBXFileReference; lastKnownFileType = sourcecode.swift; path = ViewController.swift; sourceTree = "<group>"; };
		6AB2C1D5217BB6C500B4C15D /* Base */ = {isa = PBXFileReference; lastKnownFileType = file.storyboard; name = Base; path = Base.lproj/Main.storyboard; sourceTree = "<group>"; };
		6AB2C1D7217BB6C600B4C15D /* Assets.xcassets */ = {isa = PBXFileReference; lastKnownFileType = folder.assetcatalog; path = Assets.xcassets; sourceTree = "<group>"; };
		6AB2C1DA217BB6C600B4C15D /* Base */ = {isa = PBXFileReference; lastKnownFileType = file.storyboard; name = Base; path = Base.lproj/LaunchScreen.storyboard; sourceTree = "<group>"; };
		6AB2C1DC217BB6C600B4C15D /* Info.plist */ = {isa = PBXFileReference; lastKnownFileType = text.plist.xml; path = Info.plist; sourceTree = "<group>"; };
		6AB2C1E1217BB6C600B4C15D /* CanvasAppTests.xctest */ = {isa = PBXFileReference; explicitFileType = wrapper.cfbundle; includeInIndex = 0; path = CanvasAppTests.xctest; sourceTree = BUILT_PRODUCTS_DIR; };
		6AB2C1E5217BB6C600B4C15D /* CanvasAppTests.swift */ = {isa = PBXFileReference; lastKnownFileType = sourcecode.swift; path = CanvasAppTests.swift; sourceTree = "<group>"; };
		6AB2C1E7217BB6C600B4C15D /* Info.plist */ = {isa = PBXFileReference; lastKnownFileType = text.plist.xml; path = Info.plist; sourceTree = "<group>"; };
		6AB2C1EC217BB6C700B4C15D /* CanvasAppUITests.xctest */ = {isa = PBXFileReference; explicitFileType = wrapper.cfbundle; includeInIndex = 0; path = CanvasAppUITests.xctest; sourceTree = BUILT_PRODUCTS_DIR; };
		6AB2C1F0217BB6C700B4C15D /* CanvasAppUITests.swift */ = {isa = PBXFileReference; lastKnownFileType = sourcecode.swift; path = CanvasAppUITests.swift; sourceTree = "<group>"; };
		6AB2C1F2217BB6C700B4C15D /* Info.plist */ = {isa = PBXFileReference; lastKnownFileType = text.plist.xml; path = Info.plist; sourceTree = "<group>"; };
		6AB2C1FE217BB70300B4C15D /* CanvasViewController.swift */ = {isa = PBXFileReference; lastKnownFileType = sourcecode.swift; path = CanvasViewController.swift; sourceTree = "<group>"; };
/* End PBXFileReference section */

/* Begin PBXFrameworksBuildPhase section */
		6AB2C1CA217BB6C500B4C15D /* Frameworks */ = {
			isa = PBXFrameworksBuildPhase;
			buildActionMask = 2147483647;
			files = (
			);
			runOnlyForDeploymentPostprocessing = 0;
		};
		6AB2C1DE217BB6C600B4C15D /* Frameworks */ = {
			isa = PBXFrameworksBuildPhase;
			buildActionMask = 2147483647;
			files = (
			);
			runOnlyForDeploymentPostprocessing = 0;
		};
		6AB2C1E9217BB6C700B4C15D /* Frameworks */ = {
			isa = PBXFrameworksBuildPhase;
			buildActionMask = 2147483647;
			files = (
			);
			runOnlyForDeploymentPostprocessing = 0;
		};
/* End PBXFrameworksBuildPhase section */

/* Begin PBXGroup section */
		6AB2C1C4217BB6C500B4C15D = {
			isa = PBXGroup;
			children = (
				6AB2C1CF217BB6C500B4C15D /* CanvasApp */,
				6AB2C1E4217BB6C600B4C15D /* CanvasAppTests */,
				6AB2C1EF217BB6C700B4C15D /* CanvasAppUITests */,
				6AB2C1CE217BB6C500B4C15D /* Products */,
			);
			sourceTree = "<group>";
		};
		6AB2C1CE217BB6C500B4C15D /* Products */ = {
			isa = PBXGroup;
			children = (
				6AB2C1CD217BB6C500B4C15D /* CanvasApp.app */,
				6AB2C1E1217BB6C600B4C15D /* CanvasAppTests.xctest */,
				6AB2C1EC217BB6C700B4C15D /* CanvasAppUITests.xctest */,
			);
			name = Products;
			sourceTree = "<group>";
		};
		6AB2C1CF217BB6C500B4C15D /* CanvasApp */ = {
			isa = PBXGroup;
			children = (
				6AB2C1D0217BB6C500B4C15D /* AppDelegate.swift */,
				6AB2C1D2217BB6C500B4C15D /* ViewController.swift */,
				6AB2C1D4217BB6C500B4C15D /* Main.storyboard */,
				6AB2C1D7217BB6C600B4C15D /* Assets.xcassets */,
				6AB2C1D9217BB6C600B4C15D /* LaunchScreen.storyboard */,
				6AB2C1DC217BB6C600B4C15D /* Info.plist */,
				6AB2C1FE217BB70300B4C15D /* CanvasViewController.swift */,
			);
			path = CanvasApp;
			sourceTree = "<group>";
		};
		6AB2C1E4217BB6C600B4C15D /* CanvasAppTests */ = {
			isa = PBXGroup;
			children = (
				6AB2C1E5217BB6C600B4C15D /* CanvasAppTests.swift */,
				6AB2C1E7217BB6C600B4C15D /* Info.plist */,
			);
			path = CanvasAppTests;
			sourceTree = "<group>";
		};
		6AB2C1EF217BB6C700B4C15D /* CanvasAppUITests */ = {
			isa = PBXGroup;
			children = (
				6AB2C1F0217BB6C700B4C15D /* CanvasAppUITests.swift */,
				6AB2C1F2217BB6C700B4C15D /* Info.plist */,
			);
			path = CanvasAppUITests;
			sourceTree = "<group>";
		};
/* End PBXGroup section */

/* Begin PBXNativeTarget section */
		6AB2C1CC217BB6C500B4C15D /* CanvasApp */ = {
			isa = PBXNativeTarget;
			buildConfigurationList = 6AB2C1F5217BB6C700B4C15D /* Build configuration list for PBXNativeTarget "CanvasApp" */;
			buildPhases = (
				6AB2C1C9217BB6C500B4C15D /* Sources */,
				6AB2C1CA217BB6C500B4C15D /* Frameworks */,
				6AB2C1CB217BB6C500B4C15D /* Resources */,
			);
			buildRules = (
			);
			dependencies = (
			);
			name = CanvasApp;
			productName = CanvasApp;
			productReference = 6AB2C1CD217BB6C500B4C15D /* CanvasApp.app */;
			productType = "com.apple.product-type.application";
		};
		6AB2C1E0217BB6C600B4C15D /* CanvasAppTests */ = {
			isa = PBXNativeTarget;
			buildConfigurationList = 6AB2C1F8217BB6C700B4C15D /* Build configuration list for PBXNativeTarget "CanvasAppTests" */;
			buildPhases = (
				6AB2C1DD217BB6C600B4C15D /* Sources */,
				6AB2C1DE217BB6C600B4C15D /* Frameworks */,
				6AB2C1DF217BB6C600B4C15D /* Resources */,
			);
			buildRules = (
			);
			dependencies = (
				6AB2C1E3217BB6C600B4C15D /* PBXTargetDependency */,
			);
			name = CanvasAppTests;
			productName = CanvasAppTests;
			productReference = 6AB2C1E1217BB6C600B4C15D /* CanvasAppTests.xctest */;
			productType = "com.apple.product-type.bundle.unit-test";
		};
		6AB2C1EB217BB6C700B4C15D /* CanvasAppUITests */ = {
			isa = PBXNativeTarget;
			buildConfigurationList = 6AB2C1FB217BB6C700B4C15D /* Build configuration list for PBXNativeTarget "CanvasAppUITests" */;
			buildPhases = (
				6AB2C1E8217BB6C700B4C15D /* Sources */,
				6AB2C1E9217BB6C700B4C15D /* Frameworks */,
				6AB2C1EA217BB6C700B4C15D /* Resources */,
			);
			buildRules = (
			);
			dependencies = (
				6AB2C1EE217BB6C700B4C15D /* PBXTargetDependency */,
			);
			name = CanvasAppUITests;
			productName = CanvasAppUITests;
			productReference = 6AB2C1EC217BB6C700B4C15D /* CanvasAppUITests.xctest */;
			productType = "com.apple.product-type.bundle.ui-testing";
		};
/* End PBXNativeTarget section */

/* Begin PBXProject section */
		6AB2C1C5217BB6C500B4C15D /* Project object */ = {
			isa = PBXProject;
			attributes = {
				LastSwiftUpdateCheck = 0940;
				LastUpgradeCheck = 0940;
				ORGANIZATIONNAME = Isaac;
				TargetAttributes = {
					6AB2C1CC217BB6C500B4C15D = {
						CreatedOnToolsVersion = 9.4.1;
					};
					6AB2C1E0217BB6C600B4C15D = {
						CreatedOnToolsVersion = 9.4.1;
						TestTargetID = 6AB2C1CC217BB6C500B4C15D;
					};
					6AB2C1EB217BB6C700B4C15D = {
						CreatedOnToolsVersion = 9.4.1;
						TestTargetID = 6AB2C1CC217BB6C500B4C15D;
					};
				};
			};
			buildConfigurationList = 6AB2C1C8217BB6C500B4C15D /* Build configuration list for PBXProject "CanvasApp" */;
			compatibilityVersion = "Xcode 9.3";
			developmentRegion = en;
			hasScannedForEncodings = 0;
			knownRegions = (
				en,
				Base,
			);
			mainGroup = 6AB2C1C4217BB6C500B4C15D;
			productRefGroup = 6AB2C1CE217BB6C500B4C15D /* Products */;
			projectDirPath = "";
			projectRoot = "";
			targets = (
				6AB2C1CC217BB6C500B4C15D /* CanvasApp */,
				6AB2C1E0217BB6C600B4C15D /* CanvasAppTests */,
				6AB2C1EB217BB6C700B4C15D /* CanvasAppUITests */,
			);
		};
/* End PBXProject section */

/* Begin PBXResourcesBuildPhase section */
		6AB2C1CB217BB6C500B4C15D /* Resources */ = {
			isa = PBXResourcesBuildPhase;
			buildActionMask = 2147483647;
			files = (
				6AB2C1DB217BB6C600B4C15D /* LaunchScreen.storyboard in Resources */,
				6AB2C1D8217BB6C600B4C15D /* Assets.xcassets in Resources */,
				6AB2C1D6217BB6C500B4C15D /* Main.storyboard in Resources */,
			);
			runOnlyForDeploymentPostprocessing = 0;
		};
		6AB2C1DF217BB6C600B4C15D /* Resources */ = {
			isa = PBXResourcesBuildPhase;
			buildActionMask = 2147483647;
			files = (
			);
			runOnlyForDeploymentPostprocessing = 0;
		};
		6AB2C1EA217BB6C700B4C15D /* Resources */ = {
			isa = PBXResourcesBuildPhase;
			buildActionMask = 2147483647;
			files = (
			);
			runOnlyForDeploymentPostprocessing = 0;
		};
/* End PBXResourcesBuildPhase section */

/* Begin PBXSourcesBuildPhase section */
		6AB2C1C9217BB6C500B4C15D /* Sources */ = {
			isa = PBXSourcesBuildPhase;
			buildActionMask = 2147483647;
			files = (
				6AB2C1D3217BB6C500B4C15D /* ViewController.swift in Sources */,
				6AB2C1FF217BB70300B4C15D /* CanvasViewController.swift in Sources */,
				6AB2C1D1217BB6C500B4C15D /* AppDelegate.swift in Sources */,
			);
			runOnlyForDeploymentPostprocessing = 0;
		};
		6AB2C1DD217BB6C600B4C15D /* Sources */ = {
			isa = PBXSourcesBuildPhase;
			buildActionMask = 2147483647;
			files = (
				6AB2C1E6217BB6C600B4C15D /* CanvasAppTests.swift in Sources */,
			);
			runOnlyForDeploymentPostprocessing = 0;
		};
		6AB2C1E8217BB6C700B4C15D /* Sources */ = {
			isa = PBXSourcesBuildPhase;
			buildActionMask = 2147483647;
			files = (
				6AB2C1F1217BB6C700B4C15D /* CanvasAppUITests.swift in Sources */,
			);
			runOnlyForDeploymentPostprocessing = 0;
		};
/* End PBXSourcesBuildPhase section */

/* Begin PBXTargetDependency section */
		6AB2C1E3217BB6C600B4C15D /* PBXTargetDependency */ = {
			isa = PBXTargetDependency;
			target = 6AB2C1CC217BB6C500B4C15D /* CanvasApp */;
			targetProxy = 6AB2C1E2217BB6C600B4C15D /* PBXContainerItemProxy */;
		};
		6AB2C1EE217BB6C700B4C15D /* PBXTargetDependency */ = {
			isa = PBXTargetDependency;
			target = 6AB2C1CC217BB6C500B4C15D /* CanvasApp */;
			targetProxy = 6AB2C1ED217BB6C700B4C15D /* PBXContainerItemProxy */;
		};
/* End PBXTargetDependency section */

/* Begin PBXVariantGroup section */
		6AB2C1D4217BB6C500B4C15D /* Main.storyboard */ = {
			isa = PBXVariantGroup;
			children = (
				6AB2C1D5217BB6C500B4C15D /* Base */,
			);
			name = Main.storyboard;
			sourceTree = "<group>";
		};
		6AB2C1D9217BB6C600B4C15D /* LaunchScreen.storyboard */ = {
			isa = PBXVariantGroup;
			children = (
				6AB2C1DA217BB6C600B4C15D /* Base */,
			);
			name = LaunchScreen.storyboard;
			sourceTree = "<group>";
		};
/* End PBXVariantGroup section */

/* Begin XCBuildConfiguration section */
		6AB2C1F3217BB6C700B4C15D /* Debug */ = {
			isa = XCBuildConfiguration;
			buildSettings = {
				ALWAYS_SEARCH_USER_PATHS = NO;
				CLANG_ANALYZER_NONNULL = YES;
				CLANG_ANALYZER_NUMBER_OBJECT_CONVERSION = YES_AGGRESSIVE;
				CLANG_CXX_LANGUAGE_STANDARD = "gnu++14";
				CLANG_CXX_LIBRARY = "libc++";
				CLANG_ENABLE_MODULES = YES;
				CLANG_ENABLE_OBJC_ARC = YES;
				CLANG_ENABLE_OBJC_WEAK = YES;
				CLANG_WARN_BLOCK_CAPTURE_AUTORELEASING = YES;
				CLANG_WARN_BOOL_CONVERSION = YES;
				CLANG_WARN_COMMA = YES;
				CLANG_WARN_CONSTANT_CONVERSION = YES;
				CLANG_WARN_DEPRECATED_OBJC_IMPLEMENTATIONS = YES;
				CLANG_WARN_DIRECT_OBJC_ISA_USAGE = YES_ERROR;
				CLANG_WARN_DOCUMENTATION_COMMENTS = YES;
				CLANG_WARN_EMPTY_BODY = YES;
				CLANG_WARN_ENUM_CONVERSION = YES;
				CLANG_WARN_INFINITE_RECURSION = YES;
				CLANG_WARN_INT_CONVERSION = YES;
				CLANG_WARN_NON_LITERAL_NULL_CONVERSION = YES;
				CLANG_WARN_OBJC_IMPLICIT_RETAIN_SELF = YES;
				CLANG_WARN_OBJC_LITERAL_CONVERSION = YES;
				CLANG_WARN_OBJC_ROOT_CLASS = YES_ERROR;
				CLANG_WARN_RANGE_LOOP_ANALYSIS = YES;
				CLANG_WARN_STRICT_PROTOTYPES = YES;
				CLANG_WARN_SUSPICIOUS_MOVE = YES;
				CLANG_WARN_UNGUARDED_AVAILABILITY = YES_AGGRESSIVE;
				CLANG_WARN_UNREACHABLE_CODE = YES;
				CLANG_WARN__DUPLICATE_METHOD_MATCH = YES;
				CODE_SIGN_IDENTITY = "iPhone Developer";
				COPY_PHASE_STRIP = NO;
				DEBUG_INFORMATION_FORMAT = dwarf;
				ENABLE_STRICT_OBJC_MSGSEND = YES;
				ENABLE_TESTABILITY = YES;
				GCC_C_LANGUAGE_STANDARD = gnu11;
				GCC_DYNAMIC_NO_PIC = NO;
				GCC_NO_COMMON_BLOCKS = YES;
				GCC_OPTIMIZATION_LEVEL = 0;
				GCC_PREPROCESSOR_DEFINITIONS = (
					"DEBUG=1",
					"$(inherited)",
				);
				GCC_WARN_64_TO_32_BIT_CONVERSION = YES;
				GCC_WARN_ABOUT_RETURN_TYPE = YES_ERROR;
				GCC_WARN_UNDECLARED_SELECTOR = YES;
				GCC_WARN_UNINITIALIZED_AUTOS = YES_AGGRESSIVE;
				GCC_WARN_UNUSED_FUNCTION = YES;
				GCC_WARN_UNUSED_VARIABLE = YES;
				IPHONEOS_DEPLOYMENT_TARGET = 11.4;
				MTL_ENABLE_DEBUG_INFO = YES;
				ONLY_ACTIVE_ARCH = YES;
				SDKROOT = iphoneos;
				SWIFT_ACTIVE_COMPILATION_CONDITIONS = DEBUG;
				SWIFT_OPTIMIZATION_LEVEL = "-Onone";
			};
			name = Debug;
		};
		6AB2C1F4217BB6C700B4C15D /* Release */ = {
			isa = XCBuildConfiguration;
			buildSettings = {
				ALWAYS_SEARCH_USER_PATHS = NO;
				CLANG_ANALYZER_NONNULL = YES;
				CLANG_ANALYZER_NUMBER_OBJECT_CONVERSION = YES_AGGRESSIVE;
				CLANG_CXX_LANGUAGE_STANDARD = "gnu++14";
				CLANG_CXX_LIBRARY = "libc++";
				CLANG_ENABLE_MODULES = YES;
				CLANG_ENABLE_OBJC_ARC = YES;
				CLANG_ENABLE_OBJC_WEAK = YES;
				CLANG_WARN_BLOCK_CAPTURE_AUTORELEASING = YES;
				CLANG_WARN_BOOL_CONVERSION = YES;
				CLANG_WARN_COMMA = YES;
				CLANG_WARN_CONSTANT_CONVERSION = YES;
				CLANG_WARN_DEPRECATED_OBJC_IMPLEMENTATIONS = YES;
				CLANG_WARN_DIRECT_OBJC_ISA_USAGE = YES_ERROR;
				CLANG_WARN_DOCUMENTATION_COMMENTS = YES;
				CLANG_WARN_EMPTY_BODY = YES;
				CLANG_WARN_ENUM_CONVERSION = YES;
				CLANG_WARN_INFINITE_RECURSION = YES;
				CLANG_WARN_INT_CONVERSION = YES;
				CLANG_WARN_NON_LITERAL_NULL_CONVERSION = YES;
				CLANG_WARN_OBJC_IMPLICIT_RETAIN_SELF = YES;
				CLANG_WARN_OBJC_LITERAL_CONVERSION = YES;
				CLANG_WARN_OBJC_ROOT_CLASS = YES_ERROR;
				CLANG_WARN_RANGE_LOOP_ANALYSIS = YES;
				CLANG_WARN_STRICT_PROTOTYPES = YES;
				CLANG_WARN_SUSPICIOUS_MOVE = YES;
				CLANG_WARN_UNGUARDED_AVAILABILITY = YES_AGGRESSIVE;
				CLANG_WARN_UNREACHABLE_CODE = YES;
				CLANG_WARN__DUPLICATE_METHOD_MATCH = YES;
				CODE_SIGN_IDENTITY = "iPhone Developer";
				COPY_PHASE_STRIP = NO;
				DEBUG_INFORMATION_FORMAT = "dwarf-with-dsym";
				ENABLE_NS_ASSERTIONS = NO;
				ENABLE_STRICT_OBJC_MSGSEND = YES;
				GCC_C_LANGUAGE_STANDARD = gnu11;
				GCC_NO_COMMON_BLOCKS = YES;
				GCC_WARN_64_TO_32_BIT_CONVERSION = YES;
				GCC_WARN_ABOUT_RETURN_TYPE = YES_ERROR;
				GCC_WARN_UNDECLARED_SELECTOR = YES;
				GCC_WARN_UNINITIALIZED_AUTOS = YES_AGGRESSIVE;
				GCC_WARN_UNUSED_FUNCTION = YES;
				GCC_WARN_UNUSED_VARIABLE = YES;
				IPHONEOS_DEPLOYMENT_TARGET = 11.4;
				MTL_ENABLE_DEBUG_INFO = NO;
				SDKROOT = iphoneos;
				SWIFT_COMPILATION_MODE = wholemodule;
				SWIFT_OPTIMIZATION_LEVEL = "-O";
				VALIDATE_PRODUCT = YES;
			};
			name = Release;
		};
		6AB2C1F6217BB6C700B4C15D /* Debug */ = {
			isa = XCBuildConfiguration;
			buildSettings = {
				ASSETCATALOG_COMPILER_APPICON_NAME = AppIcon;
				CODE_SIGN_STYLE = Automatic;
				INFOPLIST_FILE = CanvasApp/Info.plist;
				LD_RUNPATH_SEARCH_PATHS = (
					"$(inherited)",
					"@executable_path/Frameworks",
				);
				PRODUCT_BUNDLE_IDENTIFIER = "csumbCST495-fa18.CanvasApp";
				PRODUCT_NAME = "$(TARGET_NAME)";
				SWIFT_VERSION = 4.0;
				TARGETED_DEVICE_FAMILY = "1,2";
			};
			name = Debug;
		};
		6AB2C1F7217BB6C700B4C15D /* Release */ = {
			isa = XCBuildConfiguration;
			buildSettings = {
				ASSETCATALOG_COMPILER_APPICON_NAME = AppIcon;
				CODE_SIGN_STYLE = Automatic;
				INFOPLIST_FILE = CanvasApp/Info.plist;
				LD_RUNPATH_SEARCH_PATHS = (
					"$(inherited)",
					"@executable_path/Frameworks",
				);
				PRODUCT_BUNDLE_IDENTIFIER = "csumbCST495-fa18.CanvasApp";
				PRODUCT_NAME = "$(TARGET_NAME)";
				SWIFT_VERSION = 4.0;
				TARGETED_DEVICE_FAMILY = "1,2";
			};
			name = Release;
		};
		6AB2C1F9217BB6C700B4C15D /* Debug */ = {
			isa = XCBuildConfiguration;
			buildSettings = {
				ALWAYS_EMBED_SWIFT_STANDARD_LIBRARIES = YES;
				BUNDLE_LOADER = "$(TEST_HOST)";
				CODE_SIGN_STYLE = Automatic;
				INFOPLIST_FILE = CanvasAppTests/Info.plist;
				LD_RUNPATH_SEARCH_PATHS = (
					"$(inherited)",
					"@executable_path/Frameworks",
					"@loader_path/Frameworks",
				);
				PRODUCT_BUNDLE_IDENTIFIER = "csumbCST495-fa18.CanvasAppTests";
				PRODUCT_NAME = "$(TARGET_NAME)";
				SWIFT_VERSION = 4.0;
				TARGETED_DEVICE_FAMILY = "1,2";
				TEST_HOST = "$(BUILT_PRODUCTS_DIR)/CanvasApp.app/CanvasApp";
			};
			name = Debug;
		};
		6AB2C1FA217BB6C700B4C15D /* Release */ = {
			isa = XCBuildConfiguration;
			buildSettings = {
				ALWAYS_EMBED_SWIFT_STANDARD_LIBRARIES = YES;
				BUNDLE_LOADER = "$(TEST_HOST)";
				CODE_SIGN_STYLE = Automatic;
				INFOPLIST_FILE = CanvasAppTests/Info.plist;
				LD_RUNPATH_SEARCH_PATHS = (
					"$(inherited)",
					"@executable_path/Frameworks",
					"@loader_path/Frameworks",
				);
				PRODUCT_BUNDLE_IDENTIFIER = "csumbCST495-fa18.CanvasAppTests";
				PRODUCT_NAME = "$(TARGET_NAME)";
				SWIFT_VERSION = 4.0;
				TARGETED_DEVICE_FAMILY = "1,2";
				TEST_HOST = "$(BUILT_PRODUCTS_DIR)/CanvasApp.app/CanvasApp";
			};
			name = Release;
		};
		6AB2C1FC217BB6C700B4C15D /* Debug */ = {
			isa = XCBuildConfiguration;
			buildSettings = {
				ALWAYS_EMBED_SWIFT_STANDARD_LIBRARIES = YES;
				CODE_SIGN_STYLE = Automatic;
				INFOPLIST_FILE = CanvasAppUITests/Info.plist;
				LD_RUNPATH_SEARCH_PATHS = (
					"$(inherited)",
					"@executable_path/Frameworks",
					"@loader_path/Frameworks",
				);
				PRODUCT_BUNDLE_IDENTIFIER = "csumbCST495-fa18.CanvasAppUITests";
				PRODUCT_NAME = "$(TARGET_NAME)";
				SWIFT_VERSION = 4.0;
				TARGETED_DEVICE_FAMILY = "1,2";
				TEST_TARGET_NAME = CanvasApp;
			};
			name = Debug;
		};
		6AB2C1FD217BB6C700B4C15D /* Release */ = {
			isa = XCBuildConfiguration;
			buildSettings = {
				ALWAYS_EMBED_SWIFT_STANDARD_LIBRARIES = YES;
				CODE_SIGN_STYLE = Automatic;
				INFOPLIST_FILE = CanvasAppUITests/Info.plist;
				LD_RUNPATH_SEARCH_PATHS = (
					"$(inherited)",
					"@executable_path/Frameworks",
					"@loader_path/Frameworks",
				);
				PRODUCT_BUNDLE_IDENTIFIER = "csumbCST495-fa18.CanvasAppUITests";
				PRODUCT_NAME = "$(TARGET_NAME)";
				SWIFT_VERSION = 4.0;
				TARGETED_DEVICE_FAMILY = "1,2";
				TEST_TARGET_NAME = CanvasApp;
			};
			name = Release;
		};
/* End XCBuildConfiguration section */

/* Begin XCConfigurationList section */
		6AB2C1C8217BB6C500B4C15D /* Build configuration list for PBXProject "CanvasApp" */ = {
			isa = XCConfigurationList;
			buildConfigurations = (
				6AB2C1F3217BB6C700B4C15D /* Debug */,
				6AB2C1F4217BB6C700B4C15D /* Release */,
			);
			defaultConfigurationIsVisible = 0;
			defaultConfigurationName = Release;
		};
		6AB2C1F5217BB6C700B4C15D /* Build configuration list for PBXNativeTarget "CanvasApp" */ = {
			isa = XCConfigurationList;
			buildConfigurations = (
				6AB2C1F6217BB6C700B4C15D /* Debug */,
				6AB2C1F7217BB6C700B4C15D /* Release */,
			);
			defaultConfigurationIsVisible = 0;
			defaultConfigurationName = Release;
		};
		6AB2C1F8217BB6C700B4C15D /* Build configuration list for PBXNativeTarget "CanvasAppTests" */ = {
			isa = XCConfigurationList;
			buildConfigurations = (
				6AB2C1F9217BB6C700B4C15D /* Debug */,
				6AB2C1FA217BB6C700B4C15D /* Release */,
			);
			defaultConfigurationIsVisible = 0;
			defaultConfigurationName = Release;
		};
		6AB2C1FB217BB6C700B4C15D /* Build configuration list for PBXNativeTarget "CanvasAppUITests" */ = {
			isa = XCConfigurationList;
			buildConfigurations = (
				6AB2C1FC217BB6C700B4C15D /* Debug */,
				6AB2C1FD217BB6C700B4C15D /* Release */,
			);
			defaultConfigurationIsVisible = 0;
			defaultConfigurationName = Release;
		};
/* End XCConfigurationList section */
	};
	rootObject = 6AB2C1C5217BB6C500B4C15D /* Project object */;
}
